{
  "name": "mini-naru",
  "lockfileVersion": 2,
  "requires": true,
  "packages": {
    "": {
      "dependencies": {
        "@mapbox/geojson-area": "^0.2.2",
        "json-text-sequence": "^1.0.1"
      }
    },
    "node_modules/@mapbox/geojson-area": {
      "version": "0.2.2",
      "resolved": "https://registry.npmjs.org/@mapbox/geojson-area/-/geojson-area-0.2.2.tgz",
      "integrity": "sha512-bBqqFn1kIbLBfn7Yq1PzzwVkPYQr9lVUeT8Dhd0NL5n76PBuXzOcuLV7GOSbEB1ia8qWxH4COCvFpziEu/yReA==",
      "dependencies": {
        "wgs84": "0.0.0"
      }
    },
    "node_modules/@sovpro/delimited-stream": {
      "version": "1.1.0",
      "resolved": "https://registry.npmjs.org/@sovpro/delimited-stream/-/delimited-stream-1.1.0.tgz",
      "integrity": "sha512-kQpk267uxB19X3X2T1mvNMjyvIEonpNSHrMlK5ZaBU6aZxw7wPbpgKJOjHN3+/GPVpXgAV9soVT2oyHpLkLtyw==",
      "engines": {
        "node": ">= 8"
      }
    },
    "node_modules/json-text-sequence": {
      "version": "1.0.1",
      "resolved": "https://registry.npmjs.org/json-text-sequence/-/json-text-sequence-1.0.1.tgz",
      "integrity": "sha512-AYvyAj02ukg85KiFMLphUMFWcNDCSwmNNuoqmpHUyBr/MJOB0c3rQrsJgzM2ELv25yozY9s9NrORuqdP1vNLXQ==",
      "dependencies": {
        "@sovpro/delimited-stream": "^1.1.0"
      },
      "engines": {
        "node": ">=12.20.0"
      }
    },
    "node_modules/wgs84": {
      "version": "0.0.0",
      "resolved": "https://registry.npmjs.org/wgs84/-/wgs84-0.0.0.tgz",
      "integrity": "sha512-ANHlY4Rb5kHw40D0NJ6moaVfOCMrp9Gpd1R/AIQYg2ko4/jzcJ+TVXYYF6kXJqQwITvEZP4yEthjM7U6rYlljQ=="
    }
  },
  "dependencies": {
    "@mapbox/geojson-area": {
      "version": "0.2.2",
      "resolved": "https://registry.npmjs.org/@mapbox/geojson-area/-/geojson-area-0.2.2.tgz",
      "integrity": "sha512-bBqqFn1kIbLBfn7Yq1PzzwVkPYQr9lVUeT8Dhd0NL5n76PBuXzOcuLV7GOSbEB1ia8qWxH4COCvFpziEu/yReA==",
      "requires": {
        "wgs84": "0.0.0"
      }
    },
    "@sovpro/delimited-stream": {
      "version": "1.1.0",
      "resolved": "https://registry.npmjs.org/@sovpro/delimited-stream/-/delimited-stream-1.1.0.tgz",
      "integrity": "sha512-kQpk267uxB19X3X2T1mvNMjyvIEonpNSHrMlK5ZaBU6aZxw7wPbpgKJOjHN3+/GPVpXgAV9soVT2oyHpLkLtyw=="
    },
    "json-text-sequence": {
      "version": "1.0.1",
      "resolved": "https://registry.npmjs.org/json-text-sequence/-/json-text-sequence-1.0.1.tgz",
      "integrity": "sha512-AYvyAj02ukg85KiFMLphUMFWcNDCSwmNNuoqmpHUyBr/MJOB0c3rQrsJgzM2ELv25yozY9s9NrORuqdP1vNLXQ==",
      "requires": {
        "@sovpro/delimited-stream": "^1.1.0"
      }
    },
    "wgs84": {
      "version": "0.0.0",
      "resolved": "https://registry.npmjs.org/wgs84/-/wgs84-0.0.0.tgz",
      "integrity": "sha512-ANHlY4Rb5kHw40D0NJ6moaVfOCMrp9Gpd1R/AIQYg2ko4/jzcJ+TVXYYF6kXJqQwITvEZP4yEthjM7U6rYlljQ=="
    }
  }
}
